// !$*UTF8*$!
{
	archiveVersion = 1;
	classes = {
	};
	objectVersion = 60;
	objects = {

/* Begin PBXBuildFile section */
		2DDAF8092CFA4180003859FD /* ComposableArchitecture in Frameworks */ = {isa = PBXBuildFile; productRef = 2DDAF8082CFA4180003859FD /* ComposableArchitecture */; };
		2DDAF84E2CFA425E003859FD /* Tagged in Frameworks */ = {isa = PBXBuildFile; productRef = 2DDAF84D2CFA425E003859FD /* Tagged */; };
/* End PBXBuildFile section */

/* Begin PBXContainerItemProxy section */
		2DDAF7DC2CFA3F74003859FD /* PBXContainerItemProxy */ = {
			isa = PBXContainerItemProxy;
			containerPortal = 2DDAF7C32CFA3F72003859FD /* Project object */;
			proxyType = 1;
			remoteGlobalIDString = 2DDAF7CA2CFA3F72003859FD;
			remoteInfo = BreadDiary;
		};
		2DDAF7E62CFA3F74003859FD /* PBXContainerItemProxy */ = {
			isa = PBXContainerItemProxy;
			containerPortal = 2DDAF7C32CFA3F72003859FD /* Project object */;
			proxyType = 1;
			remoteGlobalIDString = 2DDAF7CA2CFA3F72003859FD;
			remoteInfo = BreadDiary;
		};
/* End PBXContainerItemProxy section */

/* Begin PBXFileReference section */
		2DDAF7CB2CFA3F72003859FD /* BreadDiary.app */ = {isa = PBXFileReference; explicitFileType = wrapper.application; includeInIndex = 0; path = BreadDiary.app; sourceTree = BUILT_PRODUCTS_DIR; };
		2DDAF7DB2CFA3F74003859FD /* BreadDiaryTests.xctest */ = {isa = PBXFileReference; explicitFileType = wrapper.cfbundle; includeInIndex = 0; path = BreadDiaryTests.xctest; sourceTree = BUILT_PRODUCTS_DIR; };
		2DDAF7E52CFA3F74003859FD /* BreadDiaryUITests.xctest */ = {isa = PBXFileReference; explicitFileType = wrapper.cfbundle; includeInIndex = 0; path = BreadDiaryUITests.xctest; sourceTree = BUILT_PRODUCTS_DIR; };
/* End PBXFileReference section */

/* Begin PBXFileSystemSynchronizedRootGroup section */
		2DDAF7CD2CFA3F72003859FD /* BreadDiary */ = {
			isa = PBXFileSystemSynchronizedRootGroup;
			path = BreadDiary;
			sourceTree = "<group>";
		};
		2DDAF7DE2CFA3F74003859FD /* BreadDiaryTests */ = {
			isa = PBXFileSystemSynchronizedRootGroup;
			path = BreadDiaryTests;
			sourceTree = "<group>";
		};
		2DDAF7E82CFA3F74003859FD /* BreadDiaryUITests */ = {
			isa = PBXFileSystemSynchronizedRootGroup;
			path = BreadDiaryUITests;
			sourceTree = "<group>";
		};
/* End PBXFileSystemSynchronizedRootGroup section */

/* Begin PBXFrameworksBuildPhase section */
		2DDAF7C82CFA3F72003859FD /* Frameworks */ = {
			isa = PBXFrameworksBuildPhase;
			buildActionMask = 2147483647;
			files = (
				2DDAF84E2CFA425E003859FD /* Tagged in Frameworks */,
				2DDAF8092CFA4180003859FD /* ComposableArchitecture in Frameworks */,
			);
			runOnlyForDeploymentPostprocessing = 0;
		};
		2DDAF7D82CFA3F74003859FD /* Frameworks */ = {
			isa = PBXFrameworksBuildPhase;
			buildActionMask = 2147483647;
			files = (
			);
			runOnlyForDeploymentPostprocessing = 0;
		};
		2DDAF7E22CFA3F74003859FD /* Frameworks */ = {
			isa = PBXFrameworksBuildPhase;
			buildActionMask = 2147483647;
			files = (
			);
			runOnlyForDeploymentPostprocessing = 0;
		};
/* End PBXFrameworksBuildPhase section */

/* Begin PBXGroup section */
		2DDAF7C22CFA3F72003859FD = {
			isa = PBXGroup;
			children = (
				2DDAF7CD2CFA3F72003859FD /* BreadDiary */,
				2DDAF7DE2CFA3F74003859FD /* BreadDiaryTests */,
				2DDAF7E82CFA3F74003859FD /* BreadDiaryUITests */,
				2DDAF7CC2CFA3F72003859FD /* Products */,
			);
			sourceTree = "<group>";
		};
		2DDAF7CC2CFA3F72003859FD /* Products */ = {
			isa = PBXGroup;
			children = (
				2DDAF7CB2CFA3F72003859FD /* BreadDiary.app */,
				2DDAF7DB2CFA3F74003859FD /* BreadDiaryTests.xctest */,
				2DDAF7E52CFA3F74003859FD /* BreadDiaryUITests.xctest */,
			);
			name = Products;
			sourceTree = "<group>";
		};
/* End PBXGroup section */

/* Begin PBXNativeTarget section */
		2DDAF7CA2CFA3F72003859FD /* BreadDiary */ = {
			isa = PBXNativeTarget;
			buildConfigurationList = 2DDAF7EF2CFA3F74003859FD /* Build configuration list for PBXNativeTarget "BreadDiary" */;
			buildPhases = (
				2DDAF7C72CFA3F72003859FD /* Sources */,
				2DDAF7C82CFA3F72003859FD /* Frameworks */,
				2DDAF7C92CFA3F72003859FD /* Resources */,
			);
			buildRules = (
			);
			dependencies = (
			);
			fileSystemSynchronizedGroups = (
				2DDAF7CD2CFA3F72003859FD /* BreadDiary */,
			);
			name = BreadDiary;
			packageProductDependencies = (
				2DDAF8082CFA4180003859FD /* ComposableArchitecture */,
				2DDAF84D2CFA425E003859FD /* Tagged */,
			);
			productName = BreadDiary;
			productReference = 2DDAF7CB2CFA3F72003859FD /* BreadDiary.app */;
			productType = "com.apple.product-type.application";
		};
		2DDAF7DA2CFA3F74003859FD /* BreadDiaryTests */ = {
			isa = PBXNativeTarget;
			buildConfigurationList = 2DDAF7F22CFA3F74003859FD /* Build configuration list for PBXNativeTarget "BreadDiaryTests" */;
			buildPhases = (
				2DDAF7D72CFA3F74003859FD /* Sources */,
				2DDAF7D82CFA3F74003859FD /* Frameworks */,
				2DDAF7D92CFA3F74003859FD /* Resources */,
			);
			buildRules = (
			);
			dependencies = (
				2DDAF7DD2CFA3F74003859FD /* PBXTargetDependency */,
			);
			fileSystemSynchronizedGroups = (
				2DDAF7DE2CFA3F74003859FD /* BreadDiaryTests */,
			);
			name = BreadDiaryTests;
			packageProductDependencies = (
			);
			productName = BreadDiaryTests;
			productReference = 2DDAF7DB2CFA3F74003859FD /* BreadDiaryTests.xctest */;
			productType = "com.apple.product-type.bundle.unit-test";
		};
		2DDAF7E42CFA3F74003859FD /* BreadDiaryUITests */ = {
			isa = PBXNativeTarget;
			buildConfigurationList = 2DDAF7F52CFA3F74003859FD /* Build configuration list for PBXNativeTarget "BreadDiaryUITests" */;
			buildPhases = (
				2DDAF7E12CFA3F74003859FD /* Sources */,
				2DDAF7E22CFA3F74003859FD /* Frameworks */,
				2DDAF7E32CFA3F74003859FD /* Resources */,
			);
			buildRules = (
			);
			dependencies = (
				2DDAF7E72CFA3F74003859FD /* PBXTargetDependency */,
			);
			fileSystemSynchronizedGroups = (
				2DDAF7E82CFA3F74003859FD /* BreadDiaryUITests */,
			);
			name = BreadDiaryUITests;
			packageProductDependencies = (
			);
			productName = BreadDiaryUITests;
			productReference = 2DDAF7E52CFA3F74003859FD /* BreadDiaryUITests.xctest */;
			productType = "com.apple.product-type.bundle.ui-testing";
		};
/* End PBXNativeTarget section */

/* Begin PBXProject section */
		2DDAF7C32CFA3F72003859FD /* Project object */ = {
			isa = PBXProject;
			attributes = {
				BuildIndependentTargetsInParallel = 1;
				LastSwiftUpdateCheck = 1610;
				LastUpgradeCheck = 1610;
				TargetAttributes = {
					2DDAF7CA2CFA3F72003859FD = {
						CreatedOnToolsVersion = 16.1;
					};
					2DDAF7DA2CFA3F74003859FD = {
						CreatedOnToolsVersion = 16.1;
						TestTargetID = 2DDAF7CA2CFA3F72003859FD;
					};
					2DDAF7E42CFA3F74003859FD = {
						CreatedOnToolsVersion = 16.1;
						TestTargetID = 2DDAF7CA2CFA3F72003859FD;
					};
				};
			};
			buildConfigurationList = 2DDAF7C62CFA3F72003859FD /* Build configuration list for PBXProject "BreadDiary" */;
			developmentRegion = en;
			hasScannedForEncodings = 0;
			knownRegions = (
				en,
				Base,
			);
			mainGroup = 2DDAF7C22CFA3F72003859FD;
			minimizedProjectReferenceProxies = 1;
			packageReferences = (
				2DDAF8072CFA4180003859FD /* XCRemoteSwiftPackageReference "swift-composable-architecture" */,
				2DDAF84C2CFA425E003859FD /* XCRemoteSwiftPackageReference "swift-tagged" */,
			);
			preferredProjectObjectVersion = 60;
			productRefGroup = 2DDAF7CC2CFA3F72003859FD /* Products */;
			projectDirPath = "";
			projectRoot = "";
			targets = (
				2DDAF7CA2CFA3F72003859FD /* BreadDiary */,
				2DDAF7DA2CFA3F74003859FD /* BreadDiaryTests */,
				2DDAF7E42CFA3F74003859FD /* BreadDiaryUITests */,
			);
		};
/* End PBXProject section */

/* Begin PBXResourcesBuildPhase section */
		2DDAF7C92CFA3F72003859FD /* Resources */ = {
			isa = PBXResourcesBuildPhase;
			buildActionMask = 2147483647;
			files = (
			);
			runOnlyForDeploymentPostprocessing = 0;
		};
		2DDAF7D92CFA3F74003859FD /* Resources */ = {
			isa = PBXResourcesBuildPhase;
			buildActionMask = 2147483647;
			files = (
			);
			runOnlyForDeploymentPostprocessing = 0;
		};
		2DDAF7E32CFA3F74003859FD /* Resources */ = {
			isa = PBXResourcesBuildPhase;
			buildActionMask = 2147483647;
			files = (
			);
			runOnlyForDeploymentPostprocessing = 0;
		};
/* End PBXResourcesBuildPhase section */

/* Begin PBXSourcesBuildPhase section */
		2DDAF7C72CFA3F72003859FD /* Sources */ = {
			isa = PBXSourcesBuildPhase;
			buildActionMask = 2147483647;
			files = (
			);
			runOnlyForDeploymentPostprocessing = 0;
		};
		2DDAF7D72CFA3F74003859FD /* Sources */ = {
			isa = PBXSourcesBuildPhase;
			buildActionMask = 2147483647;
			files = (
			);
			runOnlyForDeploymentPostprocessing = 0;
		};
		2DDAF7E12CFA3F74003859FD /* Sources */ = {
			isa = PBXSourcesBuildPhase;
			buildActionMask = 2147483647;
			files = (
			);
			runOnlyForDeploymentPostprocessing = 0;
		};
/* End PBXSourcesBuildPhase section */

/* Begin PBXTargetDependency section */
		2DDAF7DD2CFA3F74003859FD /* PBXTargetDependency */ = {
			isa = PBXTargetDependency;
			target = 2DDAF7CA2CFA3F72003859FD /* BreadDiary */;
			targetProxy = 2DDAF7DC2CFA3F74003859FD /* PBXContainerItemProxy */;
		};
		2DDAF7E72CFA3F74003859FD /* PBXTargetDependency */ = {
			isa = PBXTargetDependency;
			target = 2DDAF7CA2CFA3F72003859FD /* BreadDiary */;
			targetProxy = 2DDAF7E62CFA3F74003859FD /* PBXContainerItemProxy */;
		};
/* End PBXTargetDependency section */

/* Begin XCBuildConfiguration section */
		2DDAF7ED2CFA3F74003859FD /* Debug */ = {
			isa = XCBuildConfiguration;
			buildSettings = {
				ALWAYS_SEARCH_USER_PATHS = NO;
				ASSETCATALOG_COMPILER_GENERATE_SWIFT_ASSET_SYMBOL_EXTENSIONS = YES;
				CLANG_ANALYZER_NONNULL = YES;
				CLANG_ANALYZER_NUMBER_OBJECT_CONVERSION = YES_AGGRESSIVE;
				CLANG_CXX_LANGUAGE_STANDARD = "gnu++20";
				CLANG_ENABLE_MODULES = YES;
				CLANG_ENABLE_OBJC_ARC = YES;
				CLANG_ENABLE_OBJC_WEAK = YES;
				CLANG_WARN_BLOCK_CAPTURE_AUTORELEASING = YES;
				CLANG_WARN_BOOL_CONVERSION = YES;
				CLANG_WARN_COMMA = YES;
				CLANG_WARN_CONSTANT_CONVERSION = YES;
				CLANG_WARN_DEPRECATED_OBJC_IMPLEMENTATIONS = YES;
				CLANG_WARN_DIRECT_OBJC_ISA_USAGE = YES_ERROR;
				CLANG_WARN_DOCUMENTATION_COMMENTS = YES;
				CLANG_WARN_EMPTY_BODY = YES;
				CLANG_WARN_ENUM_CONVERSION = YES;
				CLANG_WARN_INFINITE_RECURSION = YES;
				CLANG_WARN_INT_CONVERSION = YES;
				CLANG_WARN_NON_LITERAL_NULL_CONVERSION = YES;
				CLANG_WARN_OBJC_IMPLICIT_RETAIN_SELF = YES;
				CLANG_WARN_OBJC_LITERAL_CONVERSION = YES;
				CLANG_WARN_OBJC_ROOT_CLASS = YES_ERROR;
				CLANG_WARN_QUOTED_INCLUDE_IN_FRAMEWORK_HEADER = YES;
				CLANG_WARN_RANGE_LOOP_ANALYSIS = YES;
				CLANG_WARN_STRICT_PROTOTYPES = YES;
				CLANG_WARN_SUSPICIOUS_MOVE = YES;
				CLANG_WARN_UNGUARDED_AVAILABILITY = YES_AGGRESSIVE;
				CLANG_WARN_UNREACHABLE_CODE = YES;
				CLANG_WARN__DUPLICATE_METHOD_MATCH = YES;
				COPY_PHASE_STRIP = NO;
				DEBUG_INFORMATION_FORMAT = dwarf;
				ENABLE_STRICT_OBJC_MSGSEND = YES;
				ENABLE_TESTABILITY = YES;
				ENABLE_USER_SCRIPT_SANDBOXING = YES;
				GCC_C_LANGUAGE_STANDARD = gnu17;
				GCC_DYNAMIC_NO_PIC = NO;
				GCC_NO_COMMON_BLOCKS = YES;
				GCC_OPTIMIZATION_LEVEL = 0;
				GCC_PREPROCESSOR_DEFINITIONS = (
					"DEBUG=1",
					"$(inherited)",
				);
				GCC_WARN_64_TO_32_BIT_CONVERSION = YES;
				GCC_WARN_ABOUT_RETURN_TYPE = YES_ERROR;
				GCC_WARN_UNDECLARED_SELECTOR = YES;
				GCC_WARN_UNINITIALIZED_AUTOS = YES_AGGRESSIVE;
				GCC_WARN_UNUSED_FUNCTION = YES;
				GCC_WARN_UNUSED_VARIABLE = YES;
				IPHONEOS_DEPLOYMENT_TARGET = 18.1;
				LOCALIZATION_PREFERS_STRING_CATALOGS = YES;
				MTL_ENABLE_DEBUG_INFO = INCLUDE_SOURCE;
				MTL_FAST_MATH = YES;
				ONLY_ACTIVE_ARCH = YES;
				SDKROOT = iphoneos;
				SWIFT_ACTIVE_COMPILATION_CONDITIONS = "DEBUG $(inherited)";
				SWIFT_OPTIMIZATION_LEVEL = "-Onone";
			};
			name = Debug;
		};
		2DDAF7EE2CFA3F74003859FD /* Release */ = {
			isa = XCBuildConfiguration;
			buildSettings = {
				ALWAYS_SEARCH_USER_PATHS = NO;
				ASSETCATALOG_COMPILER_GENERATE_SWIFT_ASSET_SYMBOL_EXTENSIONS = YES;
				CLANG_ANALYZER_NONNULL = YES;
				CLANG_ANALYZER_NUMBER_OBJECT_CONVERSION = YES_AGGRESSIVE;
				CLANG_CXX_LANGUAGE_STANDARD = "gnu++20";
				CLANG_ENABLE_MODULES = YES;
				CLANG_ENABLE_OBJC_ARC = YES;
				CLANG_ENABLE_OBJC_WEAK = YES;
				CLANG_WARN_BLOCK_CAPTURE_AUTORELEASING = YES;
				CLANG_WARN_BOOL_CONVERSION = YES;
				CLANG_WARN_COMMA = YES;
				CLANG_WARN_CONSTANT_CONVERSION = YES;
				CLANG_WARN_DEPRECATED_OBJC_IMPLEMENTATIONS = YES;
				CLANG_WARN_DIRECT_OBJC_ISA_USAGE = YES_ERROR;
				CLANG_WARN_DOCUMENTATION_COMMENTS = YES;
				CLANG_WARN_EMPTY_BODY = YES;
				CLANG_WARN_ENUM_CONVERSION = YES;
				CLANG_WARN_INFINITE_RECURSION = YES;
				CLANG_WARN_INT_CONVERSION = YES;
				CLANG_WARN_NON_LITERAL_NULL_CONVERSION = YES;
				CLANG_WARN_OBJC_IMPLICIT_RETAIN_SELF = YES;
				CLANG_WARN_OBJC_LITERAL_CONVERSION = YES;
				CLANG_WARN_OBJC_ROOT_CLASS = YES_ERROR;
				CLANG_WARN_QUOTED_INCLUDE_IN_FRAMEWORK_HEADER = YES;
				CLANG_WARN_RANGE_LOOP_ANALYSIS = YES;
				CLANG_WARN_STRICT_PROTOTYPES = YES;
				CLANG_WARN_SUSPICIOUS_MOVE = YES;
				CLANG_WARN_UNGUARDED_AVAILABILITY = YES_AGGRESSIVE;
				CLANG_WARN_UNREACHABLE_CODE = YES;
				CLANG_WARN__DUPLICATE_METHOD_MATCH = YES;
				COPY_PHASE_STRIP = NO;
				DEBUG_INFORMATION_FORMAT = "dwarf-with-dsym";
				ENABLE_NS_ASSERTIONS = NO;
				ENABLE_STRICT_OBJC_MSGSEND = YES;
				ENABLE_USER_SCRIPT_SANDBOXING = YES;
				GCC_C_LANGUAGE_STANDARD = gnu17;
				GCC_NO_COMMON_BLOCKS = YES;
				GCC_WARN_64_TO_32_BIT_CONVERSION = YES;
				GCC_WARN_ABOUT_RETURN_TYPE = YES_ERROR;
				GCC_WARN_UNDECLARED_SELECTOR = YES;
				GCC_WARN_UNINITIALIZED_AUTOS = YES_AGGRESSIVE;
				GCC_WARN_UNUSED_FUNCTION = YES;
				GCC_WARN_UNUSED_VARIABLE = YES;
				IPHONEOS_DEPLOYMENT_TARGET = 18.1;
				LOCALIZATION_PREFERS_STRING_CATALOGS = YES;
				MTL_ENABLE_DEBUG_INFO = NO;
				MTL_FAST_MATH = YES;
				SDKROOT = iphoneos;
				SWIFT_COMPILATION_MODE = wholemodule;
				VALIDATE_PRODUCT = YES;
			};
			name = Release;
		};
		2DDAF7F02CFA3F74003859FD /* Debug */ = {
			isa = XCBuildConfiguration;
			buildSettings = {
				ASSETCATALOG_COMPILER_APPICON_NAME = AppIcon;
				ASSETCATALOG_COMPILER_GLOBAL_ACCENT_COLOR_NAME = AccentColor;
				CODE_SIGN_STYLE = Automatic;
				CURRENT_PROJECT_VERSION = 1;
				DEVELOPMENT_ASSET_PATHS = "\"BreadDiary/Preview Content\"";
				ENABLE_PREVIEWS = YES;
				GENERATE_INFOPLIST_FILE = YES;
				INFOPLIST_KEY_UIApplicationSceneManifest_Generation = YES;
				INFOPLIST_KEY_UIApplicationSupportsIndirectInputEvents = YES;
				INFOPLIST_KEY_UILaunchScreen_Generation = YES;
				INFOPLIST_KEY_UISupportedInterfaceOrientations_iPad = "UIInterfaceOrientationPortrait UIInterfaceOrientationPortraitUpsideDown UIInterfaceOrientationLandscapeLeft UIInterfaceOrientationLandscapeRight";
				INFOPLIST_KEY_UISupportedInterfaceOrientations_iPhone = "UIInterfaceOrientationPortrait UIInterfaceOrientationLandscapeLeft UIInterfaceOrientationLandscapeRight";
				LD_RUNPATH_SEARCH_PATHS = (
					"$(inherited)",
					"@executable_path/Frameworks",
				);
				MARKETING_VERSION = 1.0;
				PRODUCT_BUNDLE_IDENTIFIER = mgoni.BreadDiary;
				PRODUCT_NAME = "$(TARGET_NAME)";
				SWIFT_EMIT_LOC_STRINGS = YES;
				SWIFT_VERSION = 5.0;
				TARGETED_DEVICE_FAMILY = "1,2";
			};
			name = Debug;
		};
		2DDAF7F12CFA3F74003859FD /* Release */ = {
			isa = XCBuildConfiguration;
			buildSettings = {
				ASSETCATALOG_COMPILER_APPICON_NAME = AppIcon;
				ASSETCATALOG_COMPILER_GLOBAL_ACCENT_COLOR_NAME = AccentColor;
				CODE_SIGN_STYLE = Automatic;
				CURRENT_PROJECT_VERSION = 1;
				DEVELOPMENT_ASSET_PATHS = "\"BreadDiary/Preview Content\"";
				ENABLE_PREVIEWS = YES;
				GENERATE_INFOPLIST_FILE = YES;
				INFOPLIST_KEY_UIApplicationSceneManifest_Generation = YES;
				INFOPLIST_KEY_UIApplicationSupportsIndirectInputEvents = YES;
				INFOPLIST_KEY_UILaunchScreen_Generation = YES;
				INFOPLIST_KEY_UISupportedInterfaceOrientations_iPad = "UIInterfaceOrientationPortrait UIInterfaceOrientationPortraitUpsideDown UIInterfaceOrientationLandscapeLeft UIInterfaceOrientationLandscapeRight";
				INFOPLIST_KEY_UISupportedInterfaceOrientations_iPhone = "UIInterfaceOrientationPortrait UIInterfaceOrientationLandscapeLeft UIInterfaceOrientationLandscapeRight";
				LD_RUNPATH_SEARCH_PATHS = (
					"$(inherited)",
					"@executable_path/Frameworks",
				);
				MARKETING_VERSION = 1.0;
				PRODUCT_BUNDLE_IDENTIFIER = mgoni.BreadDiary;
				PRODUCT_NAME = "$(TARGET_NAME)";
				SWIFT_EMIT_LOC_STRINGS = YES;
				SWIFT_VERSION = 5.0;
				TARGETED_DEVICE_FAMILY = "1,2";
			};
			name = Release;
		};
		2DDAF7F32CFA3F74003859FD /* Debug */ = {
			isa = XCBuildConfiguration;
			buildSettings = {
				BUNDLE_LOADER = "$(TEST_HOST)";
				CODE_SIGN_STYLE = Automatic;
				CURRENT_PROJECT_VERSION = 1;
				GENERATE_INFOPLIST_FILE = YES;
				IPHONEOS_DEPLOYMENT_TARGET = 18.1;
				MARKETING_VERSION = 1.0;
				PRODUCT_BUNDLE_IDENTIFIER = mgoni.BreadDiaryTests;
				PRODUCT_NAME = "$(TARGET_NAME)";
				SWIFT_EMIT_LOC_STRINGS = NO;
				SWIFT_VERSION = 5.0;
				TARGETED_DEVICE_FAMILY = "1,2";
				TEST_HOST = "$(BUILT_PRODUCTS_DIR)/BreadDiary.app/$(BUNDLE_EXECUTABLE_FOLDER_PATH)/BreadDiary";
			};
			name = Debug;
		};
		2DDAF7F42CFA3F74003859FD /* Release */ = {
			isa = XCBuildConfiguration;
			buildSettings = {
				BUNDLE_LOADER = "$(TEST_HOST)";
				CODE_SIGN_STYLE = Automatic;
				CURRENT_PROJECT_VERSION = 1;
				GENERATE_INFOPLIST_FILE = YES;
				IPHONEOS_DEPLOYMENT_TARGET = 18.1;
				MARKETING_VERSION = 1.0;
				PRODUCT_BUNDLE_IDENTIFIER = mgoni.BreadDiaryTests;
				PRODUCT_NAME = "$(TARGET_NAME)";
				SWIFT_EMIT_LOC_STRINGS = NO;
				SWIFT_VERSION = 5.0;
				TARGETED_DEVICE_FAMILY = "1,2";
				TEST_HOST = "$(BUILT_PRODUCTS_DIR)/BreadDiary.app/$(BUNDLE_EXECUTABLE_FOLDER_PATH)/BreadDiary";
			};
			name = Release;
		};
		2DDAF7F62CFA3F74003859FD /* Debug */ = {
			isa = XCBuildConfiguration;
			buildSettings = {
				CODE_SIGN_STYLE = Automatic;
				CURRENT_PROJECT_VERSION = 1;
				GENERATE_INFOPLIST_FILE = YES;
				MARKETING_VERSION = 1.0;
				PRODUCT_BUNDLE_IDENTIFIER = mgoni.BreadDiaryUITests;
				PRODUCT_NAME = "$(TARGET_NAME)";
				SWIFT_EMIT_LOC_STRINGS = NO;
				SWIFT_VERSION = 5.0;
				TARGETED_DEVICE_FAMILY = "1,2";
				TEST_TARGET_NAME = BreadDiary;
			};
			name = Debug;
		};
		2DDAF7F72CFA3F74003859FD /* Release */ = {
			isa = XCBuildConfiguration;
			buildSettings = {
				CODE_SIGN_STYLE = Automatic;
				CURRENT_PROJECT_VERSION = 1;
				GENERATE_INFOPLIST_FILE = YES;
				MARKETING_VERSION = 1.0;
				PRODUCT_BUNDLE_IDENTIFIER = mgoni.BreadDiaryUITests;
				PRODUCT_NAME = "$(TARGET_NAME)";
				SWIFT_EMIT_LOC_STRINGS = NO;
				SWIFT_VERSION = 5.0;
				TARGETED_DEVICE_FAMILY = "1,2";
				TEST_TARGET_NAME = BreadDiary;
			};
			name = Release;
		};
/* End XCBuildConfiguration section */

/* Begin XCConfigurationList section */
		2DDAF7C62CFA3F72003859FD /* Build configuration list for PBXProject "BreadDiary" */ = {
			isa = XCConfigurationList;
			buildConfigurations = (
				2DDAF7ED2CFA3F74003859FD /* Debug */,
				2DDAF7EE2CFA3F74003859FD /* Release */,
			);
			defaultConfigurationIsVisible = 0;
			defaultConfigurationName = Release;
		};
		2DDAF7EF2CFA3F74003859FD /* Build configuration list for PBXNativeTarget "BreadDiary" */ = {
			isa = XCConfigurationList;
			buildConfigurations = (
				2DDAF7F02CFA3F74003859FD /* Debug */,
				2DDAF7F12CFA3F74003859FD /* Release */,
			);
			defaultConfigurationIsVisible = 0;
			defaultConfigurationName = Release;
		};
		2DDAF7F22CFA3F74003859FD /* Build configuration list for PBXNativeTarget "BreadDiaryTests" */ = {
			isa = XCConfigurationList;
			buildConfigurations = (
				2DDAF7F32CFA3F74003859FD /* Debug */,
				2DDAF7F42CFA3F74003859FD /* Release */,
			);
			defaultConfigurationIsVisible = 0;
			defaultConfigurationName = Release;
		};
		2DDAF7F52CFA3F74003859FD /* Build configuration list for PBXNativeTarget "BreadDiaryUITests" */ = {
			isa = XCConfigurationList;
			buildConfigurations = (
				2DDAF7F62CFA3F74003859FD /* Debug */,
				2DDAF7F72CFA3F74003859FD /* Release */,
			);
			defaultConfigurationIsVisible = 0;
			defaultConfigurationName = Release;
		};
/* End XCConfigurationList section */

/* Begin XCRemoteSwiftPackageReference section */
		2DDAF8072CFA4180003859FD /* XCRemoteSwiftPackageReference "swift-composable-architecture" */ = {
			isa = XCRemoteSwiftPackageReference;
			repositoryURL = "https://github.com/pointfreeco/swift-composable-architecture";
			requirement = {
				kind = upToNextMajorVersion;
				minimumVersion = 1.16.1;
			};
		};
		2DDAF84C2CFA425E003859FD /* XCRemoteSwiftPackageReference "swift-tagged" */ = {
			isa = XCRemoteSwiftPackageReference;
			repositoryURL = "https://github.com/pointfreeco/swift-tagged/";
			requirement = {
				kind = upToNextMajorVersion;
				minimumVersion = 0.10.0;
			};
		};
/* End XCRemoteSwiftPackageReference section */

/* Begin XCSwiftPackageProductDependency section */
		2DDAF8082CFA4180003859FD /* ComposableArchitecture */ = {
			isa = XCSwiftPackageProductDependency;
			package = 2DDAF8072CFA4180003859FD /* XCRemoteSwiftPackageReference "swift-composable-architecture" */;
			productName = ComposableArchitecture;
		};
		2DDAF84D2CFA425E003859FD /* Tagged */ = {
			isa = XCSwiftPackageProductDependency;
			package = 2DDAF84C2CFA425E003859FD /* XCRemoteSwiftPackageReference "swift-tagged" */;
			productName = Tagged;
		};
/* End XCSwiftPackageProductDependency section */
	};
	rootObject = 2DDAF7C32CFA3F72003859FD /* Project object */;
}
