// !$*UTF8*$!
{
	archiveVersion = 1;
	classes = {
	};
	objectVersion = 56;
	objects = {

/* Begin PBXBuildFile section */
		2D8019DA29B3BE760056EEE4 /* FeatureDiary in Frameworks */ = {isa = PBXBuildFile; productRef = 2D8019D929B3BE760056EEE4 /* FeatureDiary */; };
		2D8615C729ABB4DA009B000C /* ContentView.swift in Sources */ = {isa = PBXBuildFile; fileRef = 2D8615C629ABB4DA009B000C /* ContentView.swift */; };
		2D8615C929ABB4DB009B000C /* Assets.xcassets in Resources */ = {isa = PBXBuildFile; fileRef = 2D8615C829ABB4DB009B000C /* Assets.xcassets */; };
		2D8615CC29ABB4DB009B000C /* Preview Assets.xcassets in Resources */ = {isa = PBXBuildFile; fileRef = 2D8615CB29ABB4DB009B000C /* Preview Assets.xcassets */; };
		2D8615D129ABB4DB009B000C /* BreadDiary.xcdatamodeld in Sources */ = {isa = PBXBuildFile; fileRef = 2D8615CF29ABB4DB009B000C /* BreadDiary.xcdatamodeld */; };
		2D8615DB29ABB4DB009B000C /* BreadDiaryTests.swift in Sources */ = {isa = PBXBuildFile; fileRef = 2D8615DA29ABB4DB009B000C /* BreadDiaryTests.swift */; };
		2D8615E529ABB4DB009B000C /* BreadDiaryUITests.swift in Sources */ = {isa = PBXBuildFile; fileRef = 2D8615E429ABB4DB009B000C /* BreadDiaryUITests.swift */; };
		2D8615E729ABB4DB009B000C /* BreadDiaryUITestsLaunchTests.swift in Sources */ = {isa = PBXBuildFile; fileRef = 2D8615E629ABB4DB009B000C /* BreadDiaryUITestsLaunchTests.swift */; };
		2D8615F829ABB7B3009B000C /* NumbersUI in Frameworks */ = {isa = PBXBuildFile; productRef = 2D8615F729ABB7B3009B000C /* NumbersUI */; };
		2D8615FA29ABB7CE009B000C /* AppCoordinator.swift in Sources */ = {isa = PBXBuildFile; fileRef = 2D8615F929ABB7CE009B000C /* AppCoordinator.swift */; };
		2D8615FD29ABB7FE009B000C /* ViewFactory.swift in Sources */ = {isa = PBXBuildFile; fileRef = 2D8615FC29ABB7FE009B000C /* ViewFactory.swift */; };
		2D8615FF29ABB829009B000C /* MainView.swift in Sources */ = {isa = PBXBuildFile; fileRef = 2D8615FE29ABB829009B000C /* MainView.swift */; };
		2D86160229ABB8F0009B000C /* NumbersEx in Frameworks */ = {isa = PBXBuildFile; productRef = 2D86160129ABB8F0009B000C /* NumbersEx */; };
		2D86160429ABBDC9009B000C /* Appdelegate.swift in Sources */ = {isa = PBXBuildFile; fileRef = 2D86160329ABBDC9009B000C /* Appdelegate.swift */; };
		2D86160629ABBE33009B000C /* SceneDelegate.swift in Sources */ = {isa = PBXBuildFile; fileRef = 2D86160529ABBE33009B000C /* SceneDelegate.swift */; };
/* End PBXBuildFile section */

/* Begin PBXContainerItemProxy section */
		2D8615D729ABB4DB009B000C /* PBXContainerItemProxy */ = {
			isa = PBXContainerItemProxy;
			containerPortal = 2D8615B929ABB4DA009B000C /* Project object */;
			proxyType = 1;
			remoteGlobalIDString = 2D8615C029ABB4DA009B000C;
			remoteInfo = BreadDiary;
		};
		2D8615E129ABB4DB009B000C /* PBXContainerItemProxy */ = {
			isa = PBXContainerItemProxy;
			containerPortal = 2D8615B929ABB4DA009B000C /* Project object */;
			proxyType = 1;
			remoteGlobalIDString = 2D8615C029ABB4DA009B000C;
			remoteInfo = BreadDiary;
		};
/* End PBXContainerItemProxy section */

/* Begin PBXFileReference section */
		2D8019D729B3BE4C0056EEE4 /* FeatureDiary */ = {isa = PBXFileReference; lastKnownFileType = wrapper; name = FeatureDiary; path = BreadDiary/FeatureDiary; sourceTree = "<group>"; };
		2D8615C129ABB4DA009B000C /* BreadDiary.app */ = {isa = PBXFileReference; explicitFileType = wrapper.application; includeInIndex = 0; path = BreadDiary.app; sourceTree = BUILT_PRODUCTS_DIR; };
		2D8615C629ABB4DA009B000C /* ContentView.swift */ = {isa = PBXFileReference; lastKnownFileType = sourcecode.swift; path = ContentView.swift; sourceTree = "<group>"; };
		2D8615C829ABB4DB009B000C /* Assets.xcassets */ = {isa = PBXFileReference; lastKnownFileType = folder.assetcatalog; path = Assets.xcassets; sourceTree = "<group>"; };
		2D8615CB29ABB4DB009B000C /* Preview Assets.xcassets */ = {isa = PBXFileReference; lastKnownFileType = folder.assetcatalog; path = "Preview Assets.xcassets"; sourceTree = "<group>"; };
		2D8615D029ABB4DB009B000C /* BreadDiary.xcdatamodel */ = {isa = PBXFileReference; lastKnownFileType = wrapper.xcdatamodel; path = BreadDiary.xcdatamodel; sourceTree = "<group>"; };
		2D8615D629ABB4DB009B000C /* BreadDiaryTests.xctest */ = {isa = PBXFileReference; explicitFileType = wrapper.cfbundle; includeInIndex = 0; path = BreadDiaryTests.xctest; sourceTree = BUILT_PRODUCTS_DIR; };
		2D8615DA29ABB4DB009B000C /* BreadDiaryTests.swift */ = {isa = PBXFileReference; lastKnownFileType = sourcecode.swift; path = BreadDiaryTests.swift; sourceTree = "<group>"; };
		2D8615E029ABB4DB009B000C /* BreadDiaryUITests.xctest */ = {isa = PBXFileReference; explicitFileType = wrapper.cfbundle; includeInIndex = 0; path = BreadDiaryUITests.xctest; sourceTree = BUILT_PRODUCTS_DIR; };
		2D8615E429ABB4DB009B000C /* BreadDiaryUITests.swift */ = {isa = PBXFileReference; lastKnownFileType = sourcecode.swift; path = BreadDiaryUITests.swift; sourceTree = "<group>"; };
		2D8615E629ABB4DB009B000C /* BreadDiaryUITestsLaunchTests.swift */ = {isa = PBXFileReference; lastKnownFileType = sourcecode.swift; path = BreadDiaryUITestsLaunchTests.swift; sourceTree = "<group>"; };
		2D8615F929ABB7CE009B000C /* AppCoordinator.swift */ = {isa = PBXFileReference; lastKnownFileType = sourcecode.swift; path = AppCoordinator.swift; sourceTree = "<group>"; };
		2D8615FC29ABB7FE009B000C /* ViewFactory.swift */ = {isa = PBXFileReference; lastKnownFileType = sourcecode.swift; path = ViewFactory.swift; sourceTree = "<group>"; };
		2D8615FE29ABB829009B000C /* MainView.swift */ = {isa = PBXFileReference; lastKnownFileType = sourcecode.swift; path = MainView.swift; sourceTree = "<group>"; };
		2D86160329ABBDC9009B000C /* Appdelegate.swift */ = {isa = PBXFileReference; lastKnownFileType = sourcecode.swift; path = Appdelegate.swift; sourceTree = "<group>"; };
		2D86160529ABBE33009B000C /* SceneDelegate.swift */ = {isa = PBXFileReference; lastKnownFileType = sourcecode.swift; path = SceneDelegate.swift; sourceTree = "<group>"; };
/* End PBXFileReference section */

/* Begin PBXFrameworksBuildPhase section */
		2D8615BE29ABB4DA009B000C /* Frameworks */ = {
			isa = PBXFrameworksBuildPhase;
			buildActionMask = 2147483647;
			files = (
				2D8019DA29B3BE760056EEE4 /* FeatureDiary in Frameworks */,
				2D86160229ABB8F0009B000C /* NumbersEx in Frameworks */,
				2D8615F829ABB7B3009B000C /* NumbersUI in Frameworks */,
			);
			runOnlyForDeploymentPostprocessing = 0;
		};
		2D8615D329ABB4DB009B000C /* Frameworks */ = {
			isa = PBXFrameworksBuildPhase;
			buildActionMask = 2147483647;
			files = (
			);
			runOnlyForDeploymentPostprocessing = 0;
		};
		2D8615DD29ABB4DB009B000C /* Frameworks */ = {
			isa = PBXFrameworksBuildPhase;
			buildActionMask = 2147483647;
			files = (
			);
			runOnlyForDeploymentPostprocessing = 0;
		};
/* End PBXFrameworksBuildPhase section */

/* Begin PBXGroup section */
		2D8019D629B3BE4C0056EEE4 /* Features */ = {
			isa = PBXGroup;
			children = (
				2D8019D729B3BE4C0056EEE4 /* FeatureDiary */,
			);
			name = Features;
			sourceTree = "<group>";
		};
		2D8019D829B3BE760056EEE4 /* Frameworks */ = {
			isa = PBXGroup;
			children = (
			);
			name = Frameworks;
			sourceTree = "<group>";
		};
		2D8615B829ABB4DA009B000C = {
			isa = PBXGroup;
			children = (
				2D8019D629B3BE4C0056EEE4 /* Features */,
				2D8615C329ABB4DA009B000C /* BreadDiary */,
				2D8615D929ABB4DB009B000C /* BreadDiaryTests */,
				2D8615E329ABB4DB009B000C /* BreadDiaryUITests */,
				2D8615C229ABB4DA009B000C /* Products */,
				2D8019D829B3BE760056EEE4 /* Frameworks */,
			);
			sourceTree = "<group>";
		};
		2D8615C229ABB4DA009B000C /* Products */ = {
			isa = PBXGroup;
			children = (
				2D8615C129ABB4DA009B000C /* BreadDiary.app */,
				2D8615D629ABB4DB009B000C /* BreadDiaryTests.xctest */,
				2D8615E029ABB4DB009B000C /* BreadDiaryUITests.xctest */,
			);
			name = Products;
			sourceTree = "<group>";
		};
		2D8615C329ABB4DA009B000C /* BreadDiary */ = {
			isa = PBXGroup;
			children = (
				2D8615F329ABB678009B000C /* src */,
				2D8615C829ABB4DB009B000C /* Assets.xcassets */,
				2D8615CF29ABB4DB009B000C /* BreadDiary.xcdatamodeld */,
				2D8615CA29ABB4DB009B000C /* Preview Content */,
			);
			path = BreadDiary;
			sourceTree = "<group>";
		};
		2D8615CA29ABB4DB009B000C /* Preview Content */ = {
			isa = PBXGroup;
			children = (
				2D8615CB29ABB4DB009B000C /* Preview Assets.xcassets */,
			);
			path = "Preview Content";
			sourceTree = "<group>";
		};
		2D8615D929ABB4DB009B000C /* BreadDiaryTests */ = {
			isa = PBXGroup;
			children = (
				2D8615DA29ABB4DB009B000C /* BreadDiaryTests.swift */,
			);
			path = BreadDiaryTests;
			sourceTree = "<group>";
		};
		2D8615E329ABB4DB009B000C /* BreadDiaryUITests */ = {
			isa = PBXGroup;
			children = (
				2D8615E429ABB4DB009B000C /* BreadDiaryUITests.swift */,
				2D8615E629ABB4DB009B000C /* BreadDiaryUITestsLaunchTests.swift */,
			);
			path = BreadDiaryUITests;
			sourceTree = "<group>";
		};
		2D8615F329ABB678009B000C /* src */ = {
			isa = PBXGroup;
			children = (
				2D8615F429ABB681009B000C /* Presentation */,
			);
			path = src;
			sourceTree = "<group>";
		};
		2D8615F429ABB681009B000C /* Presentation */ = {
			isa = PBXGroup;
			children = (
				2D8615FB29ABB7E9009B000C /* ViewFactory */,
				2D8615F529ABB687009B000C /* Main */,
			);
			path = Presentation;
			sourceTree = "<group>";
		};
		2D8615F529ABB687009B000C /* Main */ = {
			isa = PBXGroup;
			children = (
				2D8615C629ABB4DA009B000C /* ContentView.swift */,
				2D8615F929ABB7CE009B000C /* AppCoordinator.swift */,
				2D8615FE29ABB829009B000C /* MainView.swift */,
				2D86160329ABBDC9009B000C /* Appdelegate.swift */,
				2D86160529ABBE33009B000C /* SceneDelegate.swift */,
			);
			path = Main;
			sourceTree = "<group>";
		};
		2D8615FB29ABB7E9009B000C /* ViewFactory */ = {
			isa = PBXGroup;
			children = (
				2D8615FC29ABB7FE009B000C /* ViewFactory.swift */,
			);
			path = ViewFactory;
			sourceTree = "<group>";
		};
/* End PBXGroup section */

/* Begin PBXNativeTarget section */
		2D8615C029ABB4DA009B000C /* BreadDiary */ = {
			isa = PBXNativeTarget;
			buildConfigurationList = 2D8615EA29ABB4DB009B000C /* Build configuration list for PBXNativeTarget "BreadDiary" */;
			buildPhases = (
				2D8615BD29ABB4DA009B000C /* Sources */,
				2D8615BE29ABB4DA009B000C /* Frameworks */,
				2D8615BF29ABB4DA009B000C /* Resources */,
				2D86160729ABC13D009B000C /* ShellScript */,
			);
			buildRules = (
			);
			dependencies = (
			);
			name = BreadDiary;
			packageProductDependencies = (
				2D8615F729ABB7B3009B000C /* NumbersUI */,
				2D86160129ABB8F0009B000C /* NumbersEx */,
				2D8019D929B3BE760056EEE4 /* FeatureDiary */,
			);
			productName = BreadDiary;
			productReference = 2D8615C129ABB4DA009B000C /* BreadDiary.app */;
			productType = "com.apple.product-type.application";
		};
		2D8615D529ABB4DB009B000C /* BreadDiaryTests */ = {
			isa = PBXNativeTarget;
			buildConfigurationList = 2D8615ED29ABB4DB009B000C /* Build configuration list for PBXNativeTarget "BreadDiaryTests" */;
			buildPhases = (
				2D8615D229ABB4DB009B000C /* Sources */,
				2D8615D329ABB4DB009B000C /* Frameworks */,
				2D8615D429ABB4DB009B000C /* Resources */,
			);
			buildRules = (
			);
			dependencies = (
				2D8615D829ABB4DB009B000C /* PBXTargetDependency */,
			);
			name = BreadDiaryTests;
			productName = BreadDiaryTests;
			productReference = 2D8615D629ABB4DB009B000C /* BreadDiaryTests.xctest */;
			productType = "com.apple.product-type.bundle.unit-test";
		};
		2D8615DF29ABB4DB009B000C /* BreadDiaryUITests */ = {
			isa = PBXNativeTarget;
			buildConfigurationList = 2D8615F029ABB4DB009B000C /* Build configuration list for PBXNativeTarget "BreadDiaryUITests" */;
			buildPhases = (
				2D8615DC29ABB4DB009B000C /* Sources */,
				2D8615DD29ABB4DB009B000C /* Frameworks */,
				2D8615DE29ABB4DB009B000C /* Resources */,
			);
			buildRules = (
			);
			dependencies = (
				2D8615E229ABB4DB009B000C /* PBXTargetDependency */,
			);
			name = BreadDiaryUITests;
			productName = BreadDiaryUITests;
			productReference = 2D8615E029ABB4DB009B000C /* BreadDiaryUITests.xctest */;
			productType = "com.apple.product-type.bundle.ui-testing";
		};
/* End PBXNativeTarget section */

/* Begin PBXProject section */
		2D8615B929ABB4DA009B000C /* Project object */ = {
			isa = PBXProject;
			attributes = {
				BuildIndependentTargetsInParallel = 1;
				LastSwiftUpdateCheck = 1420;
				LastUpgradeCheck = 1420;
				TargetAttributes = {
					2D8615C029ABB4DA009B000C = {
						CreatedOnToolsVersion = 14.2;
					};
					2D8615D529ABB4DB009B000C = {
						CreatedOnToolsVersion = 14.2;
						TestTargetID = 2D8615C029ABB4DA009B000C;
					};
					2D8615DF29ABB4DB009B000C = {
						CreatedOnToolsVersion = 14.2;
						TestTargetID = 2D8615C029ABB4DA009B000C;
					};
				};
			};
			buildConfigurationList = 2D8615BC29ABB4DA009B000C /* Build configuration list for PBXProject "BreadDiary" */;
			compatibilityVersion = "Xcode 14.0";
			developmentRegion = en;
			hasScannedForEncodings = 0;
			knownRegions = (
				en,
				Base,
			);
			mainGroup = 2D8615B829ABB4DA009B000C;
			packageReferences = (
				2D8615F629ABB7B3009B000C /* XCRemoteSwiftPackageReference "NumbersUI" */,
				2D86160029ABB8F0009B000C /* XCRemoteSwiftPackageReference "NumbersEx" */,
			);
			productRefGroup = 2D8615C229ABB4DA009B000C /* Products */;
			projectDirPath = "";
			projectRoot = "";
			targets = (
				2D8615C029ABB4DA009B000C /* BreadDiary */,
				2D8615D529ABB4DB009B000C /* BreadDiaryTests */,
				2D8615DF29ABB4DB009B000C /* BreadDiaryUITests */,
			);
		};
/* End PBXProject section */

/* Begin PBXResourcesBuildPhase section */
		2D8615BF29ABB4DA009B000C /* Resources */ = {
			isa = PBXResourcesBuildPhase;
			buildActionMask = 2147483647;
			files = (
				2D8615CC29ABB4DB009B000C /* Preview Assets.xcassets in Resources */,
				2D8615C929ABB4DB009B000C /* Assets.xcassets in Resources */,
			);
			runOnlyForDeploymentPostprocessing = 0;
		};
		2D8615D429ABB4DB009B000C /* Resources */ = {
			isa = PBXResourcesBuildPhase;
			buildActionMask = 2147483647;
			files = (
			);
			runOnlyForDeploymentPostprocessing = 0;
		};
		2D8615DE29ABB4DB009B000C /* Resources */ = {
			isa = PBXResourcesBuildPhase;
			buildActionMask = 2147483647;
			files = (
			);
			runOnlyForDeploymentPostprocessing = 0;
		};
/* End PBXResourcesBuildPhase section */

/* Begin PBXShellScriptBuildPhase section */
		2D86160729ABC13D009B000C /* ShellScript */ = {
			isa = PBXShellScriptBuildPhase;
			buildActionMask = 2147483647;
			files = (
			);
			inputFileListPaths = (
			);
			inputPaths = (
			);
			outputFileListPaths = (
			);
			outputPaths = (
			);
			runOnlyForDeploymentPostprocessing = 0;
			shellPath = /bin/sh;
			shellScript = "# Type a script or drag a script file from your workspace to insert its path.\nexport PATH=\"$PATH:/opt/homebrew/bin\"\nif which swiftlint > /dev/null; then\n  swiftlint\nelse\n  echo \"warning: SwiftLint not installed, download from https://github.com/realm/SwiftLint\"\nfi\n";
		};
/* End PBXShellScriptBuildPhase section */

/* Begin PBXSourcesBuildPhase section */
		2D8615BD29ABB4DA009B000C /* Sources */ = {
			isa = PBXSourcesBuildPhase;
			buildActionMask = 2147483647;
			files = (
				2D86160429ABBDC9009B000C /* Appdelegate.swift in Sources */,
				2D86160629ABBE33009B000C /* SceneDelegate.swift in Sources */,
				2D8615FF29ABB829009B000C /* MainView.swift in Sources */,
				2D8615FD29ABB7FE009B000C /* ViewFactory.swift in Sources */,
				2D8615C729ABB4DA009B000C /* ContentView.swift in Sources */,
				2D8615FA29ABB7CE009B000C /* AppCoordinator.swift in Sources */,
				2D8615D129ABB4DB009B000C /* BreadDiary.xcdatamodeld in Sources */,
			);
			runOnlyForDeploymentPostprocessing = 0;
		};
		2D8615D229ABB4DB009B000C /* Sources */ = {
			isa = PBXSourcesBuildPhase;
			buildActionMask = 2147483647;
			files = (
				2D8615DB29ABB4DB009B000C /* BreadDiaryTests.swift in Sources */,
			);
			runOnlyForDeploymentPostprocessing = 0;
		};
		2D8615DC29ABB4DB009B000C /* Sources */ = {
			isa = PBXSourcesBuildPhase;
			buildActionMask = 2147483647;
			files = (
				2D8615E529ABB4DB009B000C /* BreadDiaryUITests.swift in Sources */,
				2D8615E729ABB4DB009B000C /* BreadDiaryUITestsLaunchTests.swift in Sources */,
			);
			runOnlyForDeploymentPostprocessing = 0;
		};
/* End PBXSourcesBuildPhase section */

/* Begin PBXTargetDependency section */
		2D8615D829ABB4DB009B000C /* PBXTargetDependency */ = {
			isa = PBXTargetDependency;
			target = 2D8615C029ABB4DA009B000C /* BreadDiary */;
			targetProxy = 2D8615D729ABB4DB009B000C /* PBXContainerItemProxy */;
		};
		2D8615E229ABB4DB009B000C /* PBXTargetDependency */ = {
			isa = PBXTargetDependency;
			target = 2D8615C029ABB4DA009B000C /* BreadDiary */;
			targetProxy = 2D8615E129ABB4DB009B000C /* PBXContainerItemProxy */;
		};
/* End PBXTargetDependency section */

/* Begin XCBuildConfiguration section */
		2D8615E829ABB4DB009B000C /* Debug */ = {
			isa = XCBuildConfiguration;
			buildSettings = {
				ALWAYS_SEARCH_USER_PATHS = NO;
				CLANG_ANALYZER_NONNULL = YES;
				CLANG_ANALYZER_NUMBER_OBJECT_CONVERSION = YES_AGGRESSIVE;
				CLANG_CXX_LANGUAGE_STANDARD = "gnu++20";
				CLANG_ENABLE_MODULES = YES;
				CLANG_ENABLE_OBJC_ARC = YES;
				CLANG_ENABLE_OBJC_WEAK = YES;
				CLANG_WARN_BLOCK_CAPTURE_AUTORELEASING = YES;
				CLANG_WARN_BOOL_CONVERSION = YES;
				CLANG_WARN_COMMA = YES;
				CLANG_WARN_CONSTANT_CONVERSION = YES;
				CLANG_WARN_DEPRECATED_OBJC_IMPLEMENTATIONS = YES;
				CLANG_WARN_DIRECT_OBJC_ISA_USAGE = YES_ERROR;
				CLANG_WARN_DOCUMENTATION_COMMENTS = YES;
				CLANG_WARN_EMPTY_BODY = YES;
				CLANG_WARN_ENUM_CONVERSION = YES;
				CLANG_WARN_INFINITE_RECURSION = YES;
				CLANG_WARN_INT_CONVERSION = YES;
				CLANG_WARN_NON_LITERAL_NULL_CONVERSION = YES;
				CLANG_WARN_OBJC_IMPLICIT_RETAIN_SELF = YES;
				CLANG_WARN_OBJC_LITERAL_CONVERSION = YES;
				CLANG_WARN_OBJC_ROOT_CLASS = YES_ERROR;
				CLANG_WARN_QUOTED_INCLUDE_IN_FRAMEWORK_HEADER = YES;
				CLANG_WARN_RANGE_LOOP_ANALYSIS = YES;
				CLANG_WARN_STRICT_PROTOTYPES = YES;
				CLANG_WARN_SUSPICIOUS_MOVE = YES;
				CLANG_WARN_UNGUARDED_AVAILABILITY = YES_AGGRESSIVE;
				CLANG_WARN_UNREACHABLE_CODE = YES;
				CLANG_WARN__DUPLICATE_METHOD_MATCH = YES;
				COPY_PHASE_STRIP = NO;
				DEBUG_INFORMATION_FORMAT = dwarf;
				ENABLE_STRICT_OBJC_MSGSEND = YES;
				ENABLE_TESTABILITY = YES;
				GCC_C_LANGUAGE_STANDARD = gnu11;
				GCC_DYNAMIC_NO_PIC = NO;
				GCC_NO_COMMON_BLOCKS = YES;
				GCC_OPTIMIZATION_LEVEL = 0;
				GCC_PREPROCESSOR_DEFINITIONS = (
					"DEBUG=1",
					"$(inherited)",
				);
				GCC_WARN_64_TO_32_BIT_CONVERSION = YES;
				GCC_WARN_ABOUT_RETURN_TYPE = YES_ERROR;
				GCC_WARN_UNDECLARED_SELECTOR = YES;
				GCC_WARN_UNINITIALIZED_AUTOS = YES_AGGRESSIVE;
				GCC_WARN_UNUSED_FUNCTION = YES;
				GCC_WARN_UNUSED_VARIABLE = YES;
				IPHONEOS_DEPLOYMENT_TARGET = 16.2;
				MTL_ENABLE_DEBUG_INFO = INCLUDE_SOURCE;
				MTL_FAST_MATH = YES;
				ONLY_ACTIVE_ARCH = YES;
				SDKROOT = iphoneos;
				SWIFT_ACTIVE_COMPILATION_CONDITIONS = DEBUG;
				SWIFT_OPTIMIZATION_LEVEL = "-Onone";
			};
			name = Debug;
		};
		2D8615E929ABB4DB009B000C /* Release */ = {
			isa = XCBuildConfiguration;
			buildSettings = {
				ALWAYS_SEARCH_USER_PATHS = NO;
				CLANG_ANALYZER_NONNULL = YES;
				CLANG_ANALYZER_NUMBER_OBJECT_CONVERSION = YES_AGGRESSIVE;
				CLANG_CXX_LANGUAGE_STANDARD = "gnu++20";
				CLANG_ENABLE_MODULES = YES;
				CLANG_ENABLE_OBJC_ARC = YES;
				CLANG_ENABLE_OBJC_WEAK = YES;
				CLANG_WARN_BLOCK_CAPTURE_AUTORELEASING = YES;
				CLANG_WARN_BOOL_CONVERSION = YES;
				CLANG_WARN_COMMA = YES;
				CLANG_WARN_CONSTANT_CONVERSION = YES;
				CLANG_WARN_DEPRECATED_OBJC_IMPLEMENTATIONS = YES;
				CLANG_WARN_DIRECT_OBJC_ISA_USAGE = YES_ERROR;
				CLANG_WARN_DOCUMENTATION_COMMENTS = YES;
				CLANG_WARN_EMPTY_BODY = YES;
				CLANG_WARN_ENUM_CONVERSION = YES;
				CLANG_WARN_INFINITE_RECURSION = YES;
				CLANG_WARN_INT_CONVERSION = YES;
				CLANG_WARN_NON_LITERAL_NULL_CONVERSION = YES;
				CLANG_WARN_OBJC_IMPLICIT_RETAIN_SELF = YES;
				CLANG_WARN_OBJC_LITERAL_CONVERSION = YES;
				CLANG_WARN_OBJC_ROOT_CLASS = YES_ERROR;
				CLANG_WARN_QUOTED_INCLUDE_IN_FRAMEWORK_HEADER = YES;
				CLANG_WARN_RANGE_LOOP_ANALYSIS = YES;
				CLANG_WARN_STRICT_PROTOTYPES = YES;
				CLANG_WARN_SUSPICIOUS_MOVE = YES;
				CLANG_WARN_UNGUARDED_AVAILABILITY = YES_AGGRESSIVE;
				CLANG_WARN_UNREACHABLE_CODE = YES;
				CLANG_WARN__DUPLICATE_METHOD_MATCH = YES;
				COPY_PHASE_STRIP = NO;
				DEBUG_INFORMATION_FORMAT = "dwarf-with-dsym";
				ENABLE_NS_ASSERTIONS = NO;
				ENABLE_STRICT_OBJC_MSGSEND = YES;
				GCC_C_LANGUAGE_STANDARD = gnu11;
				GCC_NO_COMMON_BLOCKS = YES;
				GCC_WARN_64_TO_32_BIT_CONVERSION = YES;
				GCC_WARN_ABOUT_RETURN_TYPE = YES_ERROR;
				GCC_WARN_UNDECLARED_SELECTOR = YES;
				GCC_WARN_UNINITIALIZED_AUTOS = YES_AGGRESSIVE;
				GCC_WARN_UNUSED_FUNCTION = YES;
				GCC_WARN_UNUSED_VARIABLE = YES;
				IPHONEOS_DEPLOYMENT_TARGET = 16.2;
				MTL_ENABLE_DEBUG_INFO = NO;
				MTL_FAST_MATH = YES;
				SDKROOT = iphoneos;
				SWIFT_COMPILATION_MODE = wholemodule;
				SWIFT_OPTIMIZATION_LEVEL = "-O";
				VALIDATE_PRODUCT = YES;
			};
			name = Release;
		};
		2D8615EB29ABB4DB009B000C /* Debug */ = {
			isa = XCBuildConfiguration;
			buildSettings = {
				ASSETCATALOG_COMPILER_APPICON_NAME = AppIcon;
				ASSETCATALOG_COMPILER_GLOBAL_ACCENT_COLOR_NAME = AccentColor;
				CODE_SIGN_STYLE = Automatic;
				CURRENT_PROJECT_VERSION = 1;
				DEVELOPMENT_ASSET_PATHS = "\"BreadDiary/Preview Content\"";
				ENABLE_PREVIEWS = YES;
				GENERATE_INFOPLIST_FILE = YES;
				INFOPLIST_KEY_UIApplicationSceneManifest_Generation = YES;
				INFOPLIST_KEY_UIApplicationSupportsIndirectInputEvents = YES;
				INFOPLIST_KEY_UILaunchScreen_Generation = YES;
				INFOPLIST_KEY_UISupportedInterfaceOrientations_iPad = "UIInterfaceOrientationPortrait UIInterfaceOrientationPortraitUpsideDown UIInterfaceOrientationLandscapeLeft UIInterfaceOrientationLandscapeRight";
				INFOPLIST_KEY_UISupportedInterfaceOrientations_iPhone = "UIInterfaceOrientationPortrait UIInterfaceOrientationLandscapeLeft UIInterfaceOrientationLandscapeRight";
				LD_RUNPATH_SEARCH_PATHS = (
					"$(inherited)",
					"@executable_path/Frameworks",
				);
				MARKETING_VERSION = 1.0;
				PRODUCT_BUNDLE_IDENTIFIER = mgi.BreadDiary;
				PRODUCT_NAME = "$(TARGET_NAME)";
				SWIFT_EMIT_LOC_STRINGS = YES;
				SWIFT_VERSION = 5.0;
				TARGETED_DEVICE_FAMILY = "1,2";
			};
			name = Debug;
		};
		2D8615EC29ABB4DB009B000C /* Release */ = {
			isa = XCBuildConfiguration;
			buildSettings = {
				ASSETCATALOG_COMPILER_APPICON_NAME = AppIcon;
				ASSETCATALOG_COMPILER_GLOBAL_ACCENT_COLOR_NAME = AccentColor;
				CODE_SIGN_STYLE = Automatic;
				CURRENT_PROJECT_VERSION = 1;
				DEVELOPMENT_ASSET_PATHS = "\"BreadDiary/Preview Content\"";
				ENABLE_PREVIEWS = YES;
				GENERATE_INFOPLIST_FILE = YES;
				INFOPLIST_KEY_UIApplicationSceneManifest_Generation = YES;
				INFOPLIST_KEY_UIApplicationSupportsIndirectInputEvents = YES;
				INFOPLIST_KEY_UILaunchScreen_Generation = YES;
				INFOPLIST_KEY_UISupportedInterfaceOrientations_iPad = "UIInterfaceOrientationPortrait UIInterfaceOrientationPortraitUpsideDown UIInterfaceOrientationLandscapeLeft UIInterfaceOrientationLandscapeRight";
				INFOPLIST_KEY_UISupportedInterfaceOrientations_iPhone = "UIInterfaceOrientationPortrait UIInterfaceOrientationLandscapeLeft UIInterfaceOrientationLandscapeRight";
				LD_RUNPATH_SEARCH_PATHS = (
					"$(inherited)",
					"@executable_path/Frameworks",
				);
				MARKETING_VERSION = 1.0;
				PRODUCT_BUNDLE_IDENTIFIER = mgi.BreadDiary;
				PRODUCT_NAME = "$(TARGET_NAME)";
				SWIFT_EMIT_LOC_STRINGS = YES;
				SWIFT_VERSION = 5.0;
				TARGETED_DEVICE_FAMILY = "1,2";
			};
			name = Release;
		};
		2D8615EE29ABB4DB009B000C /* Debug */ = {
			isa = XCBuildConfiguration;
			buildSettings = {
				ALWAYS_EMBED_SWIFT_STANDARD_LIBRARIES = YES;
				BUNDLE_LOADER = "$(TEST_HOST)";
				CODE_SIGN_STYLE = Automatic;
				CURRENT_PROJECT_VERSION = 1;
				GENERATE_INFOPLIST_FILE = YES;
				IPHONEOS_DEPLOYMENT_TARGET = 16.2;
				MARKETING_VERSION = 1.0;
				PRODUCT_BUNDLE_IDENTIFIER = mgi.BreadDiaryTests;
				PRODUCT_NAME = "$(TARGET_NAME)";
				SWIFT_EMIT_LOC_STRINGS = NO;
				SWIFT_VERSION = 5.0;
				TARGETED_DEVICE_FAMILY = "1,2";
				TEST_HOST = "$(BUILT_PRODUCTS_DIR)/BreadDiary.app/$(BUNDLE_EXECUTABLE_FOLDER_PATH)/BreadDiary";
			};
			name = Debug;
		};
		2D8615EF29ABB4DB009B000C /* Release */ = {
			isa = XCBuildConfiguration;
			buildSettings = {
				ALWAYS_EMBED_SWIFT_STANDARD_LIBRARIES = YES;
				BUNDLE_LOADER = "$(TEST_HOST)";
				CODE_SIGN_STYLE = Automatic;
				CURRENT_PROJECT_VERSION = 1;
				GENERATE_INFOPLIST_FILE = YES;
				IPHONEOS_DEPLOYMENT_TARGET = 16.2;
				MARKETING_VERSION = 1.0;
				PRODUCT_BUNDLE_IDENTIFIER = mgi.BreadDiaryTests;
				PRODUCT_NAME = "$(TARGET_NAME)";
				SWIFT_EMIT_LOC_STRINGS = NO;
				SWIFT_VERSION = 5.0;
				TARGETED_DEVICE_FAMILY = "1,2";
				TEST_HOST = "$(BUILT_PRODUCTS_DIR)/BreadDiary.app/$(BUNDLE_EXECUTABLE_FOLDER_PATH)/BreadDiary";
			};
			name = Release;
		};
		2D8615F129ABB4DB009B000C /* Debug */ = {
			isa = XCBuildConfiguration;
			buildSettings = {
				ALWAYS_EMBED_SWIFT_STANDARD_LIBRARIES = YES;
				CODE_SIGN_STYLE = Automatic;
				CURRENT_PROJECT_VERSION = 1;
				GENERATE_INFOPLIST_FILE = YES;
				MARKETING_VERSION = 1.0;
				PRODUCT_BUNDLE_IDENTIFIER = mgi.BreadDiaryUITests;
				PRODUCT_NAME = "$(TARGET_NAME)";
				SWIFT_EMIT_LOC_STRINGS = NO;
				SWIFT_VERSION = 5.0;
				TARGETED_DEVICE_FAMILY = "1,2";
				TEST_TARGET_NAME = BreadDiary;
			};
			name = Debug;
		};
		2D8615F229ABB4DB009B000C /* Release */ = {
			isa = XCBuildConfiguration;
			buildSettings = {
				ALWAYS_EMBED_SWIFT_STANDARD_LIBRARIES = YES;
				CODE_SIGN_STYLE = Automatic;
				CURRENT_PROJECT_VERSION = 1;
				GENERATE_INFOPLIST_FILE = YES;
				MARKETING_VERSION = 1.0;
				PRODUCT_BUNDLE_IDENTIFIER = mgi.BreadDiaryUITests;
				PRODUCT_NAME = "$(TARGET_NAME)";
				SWIFT_EMIT_LOC_STRINGS = NO;
				SWIFT_VERSION = 5.0;
				TARGETED_DEVICE_FAMILY = "1,2";
				TEST_TARGET_NAME = BreadDiary;
			};
			name = Release;
		};
/* End XCBuildConfiguration section */

/* Begin XCConfigurationList section */
		2D8615BC29ABB4DA009B000C /* Build configuration list for PBXProject "BreadDiary" */ = {
			isa = XCConfigurationList;
			buildConfigurations = (
				2D8615E829ABB4DB009B000C /* Debug */,
				2D8615E929ABB4DB009B000C /* Release */,
			);
			defaultConfigurationIsVisible = 0;
			defaultConfigurationName = Release;
		};
		2D8615EA29ABB4DB009B000C /* Build configuration list for PBXNativeTarget "BreadDiary" */ = {
			isa = XCConfigurationList;
			buildConfigurations = (
				2D8615EB29ABB4DB009B000C /* Debug */,
				2D8615EC29ABB4DB009B000C /* Release */,
			);
			defaultConfigurationIsVisible = 0;
			defaultConfigurationName = Release;
		};
		2D8615ED29ABB4DB009B000C /* Build configuration list for PBXNativeTarget "BreadDiaryTests" */ = {
			isa = XCConfigurationList;
			buildConfigurations = (
				2D8615EE29ABB4DB009B000C /* Debug */,
				2D8615EF29ABB4DB009B000C /* Release */,
			);
			defaultConfigurationIsVisible = 0;
			defaultConfigurationName = Release;
		};
		2D8615F029ABB4DB009B000C /* Build configuration list for PBXNativeTarget "BreadDiaryUITests" */ = {
			isa = XCConfigurationList;
			buildConfigurations = (
				2D8615F129ABB4DB009B000C /* Debug */,
				2D8615F229ABB4DB009B000C /* Release */,
			);
			defaultConfigurationIsVisible = 0;
			defaultConfigurationName = Release;
		};
/* End XCConfigurationList section */

/* Begin XCRemoteSwiftPackageReference section */
		2D8615F629ABB7B3009B000C /* XCRemoteSwiftPackageReference "NumbersUI" */ = {
			isa = XCRemoteSwiftPackageReference;
			repositoryURL = "https://github.com/michelgoni/NumbersUI";
			requirement = {
				branch = main;
				kind = branch;
			};
		};
		2D86160029ABB8F0009B000C /* XCRemoteSwiftPackageReference "NumbersEx" */ = {
			isa = XCRemoteSwiftPackageReference;
			repositoryURL = "https://github.com/michelgoni/NumbersEx";
			requirement = {
				kind = upToNextMajorVersion;
				minimumVersion = 1.0.0;
			};
		};
/* End XCRemoteSwiftPackageReference section */

/* Begin XCSwiftPackageProductDependency section */
		2D8019D929B3BE760056EEE4 /* FeatureDiary */ = {
			isa = XCSwiftPackageProductDependency;
			productName = FeatureDiary;
		};
		2D8615F729ABB7B3009B000C /* NumbersUI */ = {
			isa = XCSwiftPackageProductDependency;
			package = 2D8615F629ABB7B3009B000C /* XCRemoteSwiftPackageReference "NumbersUI" */;
			productName = NumbersUI;
		};
		2D86160129ABB8F0009B000C /* NumbersEx */ = {
			isa = XCSwiftPackageProductDependency;
			package = 2D86160029ABB8F0009B000C /* XCRemoteSwiftPackageReference "NumbersEx" */;
			productName = NumbersEx;
		};
/* End XCSwiftPackageProductDependency section */

/* Begin XCVersionGroup section */
		2D8615CF29ABB4DB009B000C /* BreadDiary.xcdatamodeld */ = {
			isa = XCVersionGroup;
			children = (
				2D8615D029ABB4DB009B000C /* BreadDiary.xcdatamodel */,
			);
			currentVersion = 2D8615D029ABB4DB009B000C /* BreadDiary.xcdatamodel */;
			path = BreadDiary.xcdatamodeld;
			sourceTree = "<group>";
			versionGroupType = wrapper.xcdatamodel;
		};
/* End XCVersionGroup section */
	};
	rootObject = 2D8615B929ABB4DA009B000C /* Project object */;
}
